
Microsoft Visual Studio Solution File, Format Version 12.00
# Visual Studio Version 17
VisualStudioVersion = 17.8.34330.188
MinimumVisualStudioVersion = 10.0.40219.1
Project("{FAE04EC0-301F-11D3-BF4B-00C04F79EFBC}") = "Tienda Rodrigo", "Tienda Rodrigo.csproj", "{2B1CA06F-8B2A-4596-9F7C-23C72DD7C874}"
EndProject
Global
	GlobalSection(SolutionConfigurationPlatforms) = preSolution
		Debug|Any CPU = Debug|Any CPU
		Release|Any CPU = Release|Any CPU
	EndGlobalSection
	GlobalSection(ProjectConfigurationPlatforms) = postSolution
		{2B1CA06F-8B2A-4596-9F7C-23C72DD7C874}.Debug|Any CPU.ActiveCfg = Debug|Any CPU
		{2B1CA06F-8B2A-4596-9F7C-23C72DD7C874}.Debug|Any CPU.Build.0 = Debug|Any CPU
		{2B1CA06F-8B2A-4596-9F7C-23C72DD7C874}.Release|Any CPU.ActiveCfg = Release|Any CPU
		{2B1CA06F-8B2A-4596-9F7C-23C72DD7C874}.Release|Any CPU.Build.0 = Release|Any CPU
	EndGlobalSection
	GlobalSection(SolutionProperties) = preSolution
		HideSolutionNode = FALSE
	EndGlobalSection
	GlobalSection(ExtensibilityGlobals) = postSolution
		SolutionGuid = {06F38EE6-6FAC-48E8-AE93-2BA72D102194}
	EndGlobalSection
EndGlobal
